// !$*UTF8*$!
{
	archiveVersion = 1;
	classes = {
	};
	objectVersion = 51;
	objects = {

/* Begin PBXBuildFile section */
		4D684F5B0599F9471E275EF1 /* Pods_Ninja_Jetpack_Ninja_JetpackUITests.framework in Frameworks */ = {isa = PBXBuildFile; fileRef = 0B21BF8A30A9E91853429517 /* Pods_Ninja_Jetpack_Ninja_JetpackUITests.framework */; };
		6A0C5650261E4C2200A12480 /* AppDelegate.swift in Sources */ = {isa = PBXBuildFile; fileRef = 6A0C564F261E4C2200A12480 /* AppDelegate.swift */; };
		6A0C5656261E4C2200A12480 /* GameScene.swift in Sources */ = {isa = PBXBuildFile; fileRef = 6A0C5655261E4C2200A12480 /* GameScene.swift */; };
		6A0C5658261E4C2200A12480 /* GameViewController.swift in Sources */ = {isa = PBXBuildFile; fileRef = 6A0C5657261E4C2200A12480 /* GameViewController.swift */; };
		6A0C565B261E4C2200A12480 /* Main.storyboard in Resources */ = {isa = PBXBuildFile; fileRef = 6A0C5659261E4C2200A12480 /* Main.storyboard */; };
		6A0C565D261E4C2800A12480 /* Assets.xcassets in Resources */ = {isa = PBXBuildFile; fileRef = 6A0C565C261E4C2800A12480 /* Assets.xcassets */; };
		6A0C5668261E4C2900A12480 /* NinjaJetpackTests.swift in Sources */ = {isa = PBXBuildFile; fileRef = 6A0C5667261E4C2900A12480 /* NinjaJetpackTests.swift */; };
		6A0C5673261E4C2900A12480 /* NinjaJetpackUITests.swift in Sources */ = {isa = PBXBuildFile; fileRef = 6A0C5672261E4C2900A12480 /* NinjaJetpackUITests.swift */; };
		6A0C568E261E522E00A12480 /* LaunchScreen.storyboard in Resources */ = {isa = PBXBuildFile; fileRef = 6A0C568D261E522E00A12480 /* LaunchScreen.storyboard */; };
		6A0C5694261E64BD00A12480 /* Run.atlas in Resources */ = {isa = PBXBuildFile; fileRef = 6A0C5693261E64BD00A12480 /* Run.atlas */; };
		6A0C569C261E711600A12480 /* Idle.atlas in Resources */ = {isa = PBXBuildFile; fileRef = 6A0C569B261E711600A12480 /* Idle.atlas */; };
		6A5187C926418F290029A432 /* lightspeed.sks in Resources */ = {isa = PBXBuildFile; fileRef = 6A5187C826418F290029A432 /* lightspeed.sks */; };
		6A5187CD2641AF220029A432 /* FlyImmortal.atlas in Resources */ = {isa = PBXBuildFile; fileRef = 6A5187CC2641AE7C0029A432 /* FlyImmortal.atlas */; };
		6A580C6D26527E2E003CFD63 /* ReviveView.swift in Sources */ = {isa = PBXBuildFile; fileRef = 6A580C6C26527E2E003CFD63 /* ReviveView.swift */; };
		6A580C6F26527EB9003CFD63 /* ReviveView.xib in Resources */ = {isa = PBXBuildFile; fileRef = 6A580C6E26527EB9003CFD63 /* ReviveView.xib */; };
		6A580C7126531A84003CFD63 /* CustomView.swift in Sources */ = {isa = PBXBuildFile; fileRef = 6A580C7026531A84003CFD63 /* CustomView.swift */; };
		6A665B252649B48D00A2212A /* DataManager.swift in Sources */ = {isa = PBXBuildFile; fileRef = 6A665B242649B48D00A2212A /* DataManager.swift */; };
		6A665B282649C1A300A2212A /* ScoreBoard.swift in Sources */ = {isa = PBXBuildFile; fileRef = 6A665B272649C1A300A2212A /* ScoreBoard.swift */; };
		6A665B2B2649C1B800A2212A /* ScoreBoard.xib in Resources */ = {isa = PBXBuildFile; fileRef = 6A665B2A2649C1B800A2212A /* ScoreBoard.xib */; };
		6A734E99262387BA002EEDDF /* Fly.atlas in Resources */ = {isa = PBXBuildFile; fileRef = 6A734E98262387BA002EEDDF /* Fly.atlas */; };
		6A78548A262ED075007320D4 /* Robot.swift in Sources */ = {isa = PBXBuildFile; fileRef = 6A785489262ED075007320D4 /* Robot.swift */; };
		6A785498262EEFAC007320D4 /* Obstacle.swift in Sources */ = {isa = PBXBuildFile; fileRef = 6A785497262EEFAC007320D4 /* Obstacle.swift */; };
		6A78549D262F02CE007320D4 /* Object.swift in Sources */ = {isa = PBXBuildFile; fileRef = 6A78549C262F02CE007320D4 /* Object.swift */; };
		6A7854A3262F7171007320D4 /* UIColor_Extension.swift in Sources */ = {isa = PBXBuildFile; fileRef = 6A7854A2262F7171007320D4 /* UIColor_Extension.swift */; };
		6A7854DE262F76FA007320D4 /* jetpackfire.sks in Resources */ = {isa = PBXBuildFile; fileRef = 6A7854DD262F76FA007320D4 /* jetpackfire.sks */; };
		6A7C2772265FB4D40043887C /* Int_Extension.swift in Sources */ = {isa = PBXBuildFile; fileRef = 6A7C2771265FB4D40043887C /* Int_Extension.swift */; };
		6A95DA8E261FC1B8003C6179 /* Dead.atlas in Resources */ = {isa = PBXBuildFile; fileRef = 6A95DA8D261FC1B8003C6179 /* Dead.atlas */; };
		6A95DA93261FC244003C6179 /* Jump.atlas in Resources */ = {isa = PBXBuildFile; fileRef = 6A95DA92261FC244003C6179 /* Jump.atlas */; };
		6A9AEEC32642B1790068F46E /* FlyMagnet.atlas in Resources */ = {isa = PBXBuildFile; fileRef = 6A9AEEC22642B1790068F46E /* FlyMagnet.atlas */; };
		6A9AEEC52642B9BC0068F46E /* RunImmortal.atlas in Resources */ = {isa = PBXBuildFile; fileRef = 6A9AEEC42642B9BC0068F46E /* RunImmortal.atlas */; };
		6A9AEEC72642B9C60068F46E /* RunMagnet.atlas in Resources */ = {isa = PBXBuildFile; fileRef = 6A9AEEC62642B9C60068F46E /* RunMagnet.atlas */; };
		6A9DD5D7264E9D120040D94E /* coin8.json in Resources */ = {isa = PBXBuildFile; fileRef = 6A9DD5D6264E9D120040D94E /* coin8.json */; };
		6A9DD5D9264E9FC80040D94E /* coin9.json in Resources */ = {isa = PBXBuildFile; fileRef = 6A9DD5D8264E9FC80040D94E /* coin9.json */; };
		6A9DD5DD264EAC240040D94E /* ShopViewController.swift in Sources */ = {isa = PBXBuildFile; fileRef = 6A9DD5DC264EAC240040D94E /* ShopViewController.swift */; };
		6AA68B062627A12400DECC28 /* Coin.atlas in Resources */ = {isa = PBXBuildFile; fileRef = 6AA68B052627A12400DECC28 /* Coin.atlas */; };
		6AA865242634A7A600536709 /* MenuButton.swift in Sources */ = {isa = PBXBuildFile; fileRef = 6AA865232634A7A600536709 /* MenuButton.swift */; };
		6AA8652C2634C4BC00536709 /* Logger.swift in Sources */ = {isa = PBXBuildFile; fileRef = 6AA8652B2634C4BC00536709 /* Logger.swift */; };
		6AAB373D26496500007E6E95 /* zorque.ttf in Resources */ = {isa = PBXBuildFile; fileRef = 6AAB373C26496500007E6E95 /* zorque.ttf */; };
		6AC45AFE26306A74005127CF /* shot.sks in Resources */ = {isa = PBXBuildFile; fileRef = 6AC45AFD26306A74005127CF /* shot.sks */; };
		6AC45B062630D68C005127CF /* Key.swift in Sources */ = {isa = PBXBuildFile; fileRef = 6AC45B052630D68C005127CF /* Key.swift */; };
		6AC45B0B2630DC21005127CF /* Category.swift in Sources */ = {isa = PBXBuildFile; fileRef = 6AC45B0A2630DC21005127CF /* Category.swift */; };
		6AF2B66B262DC4F400D8FF16 /* Immortality.atlas in Resources */ = {isa = PBXBuildFile; fileRef = 6AF2B66A262DC4F400D8FF16 /* Immortality.atlas */; };
		6AF2B677262DCED300D8FF16 /* Ninja.swift in Sources */ = {isa = PBXBuildFile; fileRef = 6AF2B676262DCED300D8FF16 /* Ninja.swift */; };
		6AF2B67C262DD1D300D8FF16 /* Bullet.swift in Sources */ = {isa = PBXBuildFile; fileRef = 6AF2B67B262DD1D300D8FF16 /* Bullet.swift */; };
		6AF2B681262DD30B00D8FF16 /* Coin.swift in Sources */ = {isa = PBXBuildFile; fileRef = 6AF2B680262DD30B00D8FF16 /* Coin.swift */; };
		6AF2B686262DD53D00D8FF16 /* Powerup.swift in Sources */ = {isa = PBXBuildFile; fileRef = 6AF2B685262DD53D00D8FF16 /* Powerup.swift */; };
		6AF2B68B262DD67E00D8FF16 /* CoinData.swift in Sources */ = {isa = PBXBuildFile; fileRef = 6AF2B68A262DD67E00D8FF16 /* CoinData.swift */; };
		6AF2B6B2262E1B9C00D8FF16 /* coin0.json in Resources */ = {isa = PBXBuildFile; fileRef = 6AF2B6AA262E1B9B00D8FF16 /* coin0.json */; };
		6AF2B6B3262E1B9C00D8FF16 /* coin2.json in Resources */ = {isa = PBXBuildFile; fileRef = 6AF2B6AB262E1B9B00D8FF16 /* coin2.json */; };
		6AF2B6B4262E1B9C00D8FF16 /* coin5.json in Resources */ = {isa = PBXBuildFile; fileRef = 6AF2B6AC262E1B9B00D8FF16 /* coin5.json */; };
		6AF2B6B5262E1B9C00D8FF16 /* coin4.json in Resources */ = {isa = PBXBuildFile; fileRef = 6AF2B6AD262E1B9B00D8FF16 /* coin4.json */; };
		6AF2B6B6262E1B9C00D8FF16 /* coin6.json in Resources */ = {isa = PBXBuildFile; fileRef = 6AF2B6AE262E1B9B00D8FF16 /* coin6.json */; };
		6AF2B6B7262E1B9C00D8FF16 /* coin1.json in Resources */ = {isa = PBXBuildFile; fileRef = 6AF2B6AF262E1B9B00D8FF16 /* coin1.json */; };
		6AF2B6B8262E1B9C00D8FF16 /* coin3.json in Resources */ = {isa = PBXBuildFile; fileRef = 6AF2B6B0262E1B9B00D8FF16 /* coin3.json */; };
		6AF2B6B9262E1B9C00D8FF16 /* coin7.json in Resources */ = {isa = PBXBuildFile; fileRef = 6AF2B6B1262E1B9B00D8FF16 /* coin7.json */; };
		6AF2B6BE262E22A900D8FF16 /* Magnet.atlas in Resources */ = {isa = PBXBuildFile; fileRef = 6AF2B6BD262E22A900D8FF16 /* Magnet.atlas */; };
		6AF2B6C3262E233600D8FF16 /* Lightspeed.atlas in Resources */ = {isa = PBXBuildFile; fileRef = 6AF2B6C2262E233600D8FF16 /* Lightspeed.atlas */; };
		6AF2B6CB262E3BAC00D8FF16 /* Robot.atlas in Resources */ = {isa = PBXBuildFile; fileRef = 6AF2B6CA262E3BAC00D8FF16 /* Robot.atlas */; };
		A03BDCBE872A4F8C57CC6FFC /* Pods_Ninja_JetpackTests.framework in Frameworks */ = {isa = PBXBuildFile; fileRef = A89F6D1F738265C78552CEF8 /* Pods_Ninja_JetpackTests.framework */; };
		F4D79A708569D0FC993840CB /* Pods_Ninja_Jetpack.framework in Frameworks */ = {isa = PBXBuildFile; fileRef = 697252F045745EC29D3F0B4C /* Pods_Ninja_Jetpack.framework */; };
/* End PBXBuildFile section */

/* Begin PBXContainerItemProxy section */
		6A0C5664261E4C2900A12480 /* PBXContainerItemProxy */ = {
			isa = PBXContainerItemProxy;
			containerPortal = 6A0C5644261E4C2200A12480 /* Project object */;
			proxyType = 1;
			remoteGlobalIDString = 6A0C564B261E4C2200A12480;
			remoteInfo = Hyperion;
		};
		6A0C566F261E4C2900A12480 /* PBXContainerItemProxy */ = {
			isa = PBXContainerItemProxy;
			containerPortal = 6A0C5644261E4C2200A12480 /* Project object */;
			proxyType = 1;
			remoteGlobalIDString = 6A0C564B261E4C2200A12480;
			remoteInfo = Hyperion;
		};
/* End PBXContainerItemProxy section */

/* Begin PBXFileReference section */
		0B21BF8A30A9E91853429517 /* Pods_Ninja_Jetpack_Ninja_JetpackUITests.framework */ = {isa = PBXFileReference; explicitFileType = wrapper.framework; includeInIndex = 0; path = Pods_Ninja_Jetpack_Ninja_JetpackUITests.framework; sourceTree = BUILT_PRODUCTS_DIR; };
		12040E8522FEF70F868CE368 /* Pods-Ninja Jetpack.release.xcconfig */ = {isa = PBXFileReference; includeInIndex = 1; lastKnownFileType = text.xcconfig; name = "Pods-Ninja Jetpack.release.xcconfig"; path = "Target Support Files/Pods-Ninja Jetpack/Pods-Ninja Jetpack.release.xcconfig"; sourceTree = "<group>"; };
		12F22832E7BE3E66C1A2E029 /* Pods-Ninja Jetpack-Ninja JetpackUITests.debug.xcconfig */ = {isa = PBXFileReference; includeInIndex = 1; lastKnownFileType = text.xcconfig; name = "Pods-Ninja Jetpack-Ninja JetpackUITests.debug.xcconfig"; path = "Target Support Files/Pods-Ninja Jetpack-Ninja JetpackUITests/Pods-Ninja Jetpack-Ninja JetpackUITests.debug.xcconfig"; sourceTree = "<group>"; };
		1B361007F0FE2207FC88AD16 /* Pods-Ninja Jetpack.debug.xcconfig */ = {isa = PBXFileReference; includeInIndex = 1; lastKnownFileType = text.xcconfig; name = "Pods-Ninja Jetpack.debug.xcconfig"; path = "Target Support Files/Pods-Ninja Jetpack/Pods-Ninja Jetpack.debug.xcconfig"; sourceTree = "<group>"; };
		285A9A29ADEA5D36C545EB58 /* Pods-Ninja Jetpack-Ninja JetpackUITests.release.xcconfig */ = {isa = PBXFileReference; includeInIndex = 1; lastKnownFileType = text.xcconfig; name = "Pods-Ninja Jetpack-Ninja JetpackUITests.release.xcconfig"; path = "Target Support Files/Pods-Ninja Jetpack-Ninja JetpackUITests/Pods-Ninja Jetpack-Ninja JetpackUITests.release.xcconfig"; sourceTree = "<group>"; };
		4961856506B3026F4F3FF37C /* Pods-Hyperion.release.xcconfig */ = {isa = PBXFileReference; includeInIndex = 1; lastKnownFileType = text.xcconfig; name = "Pods-Hyperion.release.xcconfig"; path = "Target Support Files/Pods-Hyperion/Pods-Hyperion.release.xcconfig"; sourceTree = "<group>"; };
		60FBE14BF265245E0B52D8AA /* Pods-Hyperion.debug.xcconfig */ = {isa = PBXFileReference; includeInIndex = 1; lastKnownFileType = text.xcconfig; name = "Pods-Hyperion.debug.xcconfig"; path = "Target Support Files/Pods-Hyperion/Pods-Hyperion.debug.xcconfig"; sourceTree = "<group>"; };
		697252F045745EC29D3F0B4C /* Pods_Ninja_Jetpack.framework */ = {isa = PBXFileReference; explicitFileType = wrapper.framework; includeInIndex = 0; path = Pods_Ninja_Jetpack.framework; sourceTree = BUILT_PRODUCTS_DIR; };
		6A0C564C261E4C2200A12480 /* Ninja Jetpack.app */ = {isa = PBXFileReference; explicitFileType = wrapper.application; includeInIndex = 0; path = "Ninja Jetpack.app"; sourceTree = BUILT_PRODUCTS_DIR; };
		6A0C564F261E4C2200A12480 /* AppDelegate.swift */ = {isa = PBXFileReference; lastKnownFileType = sourcecode.swift; path = AppDelegate.swift; sourceTree = "<group>"; };
		6A0C5655261E4C2200A12480 /* GameScene.swift */ = {isa = PBXFileReference; lastKnownFileType = sourcecode.swift; path = GameScene.swift; sourceTree = "<group>"; };
		6A0C5657261E4C2200A12480 /* GameViewController.swift */ = {isa = PBXFileReference; lastKnownFileType = sourcecode.swift; path = GameViewController.swift; sourceTree = "<group>"; };
		6A0C565A261E4C2200A12480 /* Base */ = {isa = PBXFileReference; lastKnownFileType = file.storyboard; name = Base; path = Base.lproj/Main.storyboard; sourceTree = "<group>"; };
		6A0C565C261E4C2800A12480 /* Assets.xcassets */ = {isa = PBXFileReference; lastKnownFileType = folder.assetcatalog; path = Assets.xcassets; sourceTree = "<group>"; };
		6A0C565E261E4C2800A12480 /* Info.plist */ = {isa = PBXFileReference; lastKnownFileType = text.plist.xml; path = Info.plist; sourceTree = "<group>"; };
		6A0C5663261E4C2900A12480 /* Ninja JetpackTests.xctest */ = {isa = PBXFileReference; explicitFileType = wrapper.cfbundle; includeInIndex = 0; path = "Ninja JetpackTests.xctest"; sourceTree = BUILT_PRODUCTS_DIR; };
		6A0C5667261E4C2900A12480 /* NinjaJetpackTests.swift */ = {isa = PBXFileReference; lastKnownFileType = sourcecode.swift; path = NinjaJetpackTests.swift; sourceTree = "<group>"; };
		6A0C5669261E4C2900A12480 /* Info.plist */ = {isa = PBXFileReference; lastKnownFileType = text.plist.xml; path = Info.plist; sourceTree = "<group>"; };
		6A0C566E261E4C2900A12480 /* Ninja JetpackUITests.xctest */ = {isa = PBXFileReference; explicitFileType = wrapper.cfbundle; includeInIndex = 0; path = "Ninja JetpackUITests.xctest"; sourceTree = BUILT_PRODUCTS_DIR; };
		6A0C5672261E4C2900A12480 /* NinjaJetpackUITests.swift */ = {isa = PBXFileReference; lastKnownFileType = sourcecode.swift; path = NinjaJetpackUITests.swift; sourceTree = "<group>"; };
		6A0C5674261E4C2900A12480 /* Info.plist */ = {isa = PBXFileReference; lastKnownFileType = text.plist.xml; path = Info.plist; sourceTree = "<group>"; };
		6A0C568D261E522E00A12480 /* LaunchScreen.storyboard */ = {isa = PBXFileReference; lastKnownFileType = file.storyboard; path = LaunchScreen.storyboard; sourceTree = "<group>"; };
		6A0C5693261E64BD00A12480 /* Run.atlas */ = {isa = PBXFileReference; lastKnownFileType = folder.skatlas; path = Run.atlas; sourceTree = "<group>"; };
		6A0C569B261E711600A12480 /* Idle.atlas */ = {isa = PBXFileReference; lastKnownFileType = folder.skatlas; path = Idle.atlas; sourceTree = "<group>"; };
		6A5187C826418F290029A432 /* lightspeed.sks */ = {isa = PBXFileReference; lastKnownFileType = file.sks; path = lightspeed.sks; sourceTree = "<group>"; };
		6A5187CC2641AE7C0029A432 /* FlyImmortal.atlas */ = {isa = PBXFileReference; lastKnownFileType = folder.skatlas; path = FlyImmortal.atlas; sourceTree = "<group>"; };
		6A580C6C26527E2E003CFD63 /* ReviveView.swift */ = {isa = PBXFileReference; lastKnownFileType = sourcecode.swift; path = ReviveView.swift; sourceTree = "<group>"; };
		6A580C6E26527EB9003CFD63 /* ReviveView.xib */ = {isa = PBXFileReference; lastKnownFileType = file.xib; path = ReviveView.xib; sourceTree = "<group>"; };
		6A580C7026531A84003CFD63 /* CustomView.swift */ = {isa = PBXFileReference; lastKnownFileType = sourcecode.swift; path = CustomView.swift; sourceTree = "<group>"; };
		6A665B242649B48D00A2212A /* DataManager.swift */ = {isa = PBXFileReference; lastKnownFileType = sourcecode.swift; path = DataManager.swift; sourceTree = "<group>"; };
		6A665B272649C1A300A2212A /* ScoreBoard.swift */ = {isa = PBXFileReference; lastKnownFileType = sourcecode.swift; path = ScoreBoard.swift; sourceTree = "<group>"; };
		6A665B2A2649C1B800A2212A /* ScoreBoard.xib */ = {isa = PBXFileReference; lastKnownFileType = file.xib; path = ScoreBoard.xib; sourceTree = "<group>"; };
		6A734E98262387BA002EEDDF /* Fly.atlas */ = {isa = PBXFileReference; lastKnownFileType = folder.skatlas; path = Fly.atlas; sourceTree = "<group>"; };
		6A785489262ED075007320D4 /* Robot.swift */ = {isa = PBXFileReference; lastKnownFileType = sourcecode.swift; path = Robot.swift; sourceTree = "<group>"; };
		6A785497262EEFAC007320D4 /* Obstacle.swift */ = {isa = PBXFileReference; lastKnownFileType = sourcecode.swift; path = Obstacle.swift; sourceTree = "<group>"; };
		6A78549C262F02CE007320D4 /* Object.swift */ = {isa = PBXFileReference; lastKnownFileType = sourcecode.swift; path = Object.swift; sourceTree = "<group>"; };
		6A7854A2262F7171007320D4 /* UIColor_Extension.swift */ = {isa = PBXFileReference; lastKnownFileType = sourcecode.swift; path = UIColor_Extension.swift; sourceTree = "<group>"; };
		6A7854DD262F76FA007320D4 /* jetpackfire.sks */ = {isa = PBXFileReference; lastKnownFileType = file.sks; path = jetpackfire.sks; sourceTree = "<group>"; };
		6A7C2771265FB4D40043887C /* Int_Extension.swift */ = {isa = PBXFileReference; lastKnownFileType = sourcecode.swift; path = Int_Extension.swift; sourceTree = "<group>"; };
		6A95DA8D261FC1B8003C6179 /* Dead.atlas */ = {isa = PBXFileReference; lastKnownFileType = folder.skatlas; path = Dead.atlas; sourceTree = "<group>"; };
		6A95DA92261FC244003C6179 /* Jump.atlas */ = {isa = PBXFileReference; lastKnownFileType = folder.skatlas; path = Jump.atlas; sourceTree = "<group>"; };
		6A9AEEC22642B1790068F46E /* FlyMagnet.atlas */ = {isa = PBXFileReference; lastKnownFileType = folder.skatlas; path = FlyMagnet.atlas; sourceTree = "<group>"; };
		6A9AEEC42642B9BC0068F46E /* RunImmortal.atlas */ = {isa = PBXFileReference; lastKnownFileType = folder.skatlas; path = RunImmortal.atlas; sourceTree = "<group>"; };
		6A9AEEC62642B9C60068F46E /* RunMagnet.atlas */ = {isa = PBXFileReference; lastKnownFileType = folder.skatlas; path = RunMagnet.atlas; sourceTree = "<group>"; };
		6A9DD5D6264E9D120040D94E /* coin8.json */ = {isa = PBXFileReference; fileEncoding = 4; lastKnownFileType = text.json; path = coin8.json; sourceTree = "<group>"; };
		6A9DD5D8264E9FC80040D94E /* coin9.json */ = {isa = PBXFileReference; fileEncoding = 4; lastKnownFileType = text.json; path = coin9.json; sourceTree = "<group>"; };
		6A9DD5DC264EAC240040D94E /* ShopViewController.swift */ = {isa = PBXFileReference; lastKnownFileType = sourcecode.swift; path = ShopViewController.swift; sourceTree = "<group>"; };
		6AA68B052627A12400DECC28 /* Coin.atlas */ = {isa = PBXFileReference; lastKnownFileType = folder.skatlas; path = Coin.atlas; sourceTree = "<group>"; };
		6AA865232634A7A600536709 /* MenuButton.swift */ = {isa = PBXFileReference; lastKnownFileType = sourcecode.swift; path = MenuButton.swift; sourceTree = "<group>"; };
		6AA8652B2634C4BC00536709 /* Logger.swift */ = {isa = PBXFileReference; lastKnownFileType = sourcecode.swift; path = Logger.swift; sourceTree = "<group>"; };
		6AAB373C26496500007E6E95 /* zorque.ttf */ = {isa = PBXFileReference; lastKnownFileType = file; path = zorque.ttf; sourceTree = "<group>"; };
		6AC45AFD26306A74005127CF /* shot.sks */ = {isa = PBXFileReference; lastKnownFileType = file.sks; path = shot.sks; sourceTree = "<group>"; };
		6AC45B052630D68C005127CF /* Key.swift */ = {isa = PBXFileReference; lastKnownFileType = sourcecode.swift; path = Key.swift; sourceTree = "<group>"; };
		6AC45B0A2630DC21005127CF /* Category.swift */ = {isa = PBXFileReference; lastKnownFileType = sourcecode.swift; path = Category.swift; sourceTree = "<group>"; };
		6AF2B66A262DC4F400D8FF16 /* Immortality.atlas */ = {isa = PBXFileReference; lastKnownFileType = folder.skatlas; path = Immortality.atlas; sourceTree = "<group>"; };
		6AF2B676262DCED300D8FF16 /* Ninja.swift */ = {isa = PBXFileReference; lastKnownFileType = sourcecode.swift; path = Ninja.swift; sourceTree = "<group>"; };
		6AF2B67B262DD1D300D8FF16 /* Bullet.swift */ = {isa = PBXFileReference; lastKnownFileType = sourcecode.swift; path = Bullet.swift; sourceTree = "<group>"; };
		6AF2B680262DD30B00D8FF16 /* Coin.swift */ = {isa = PBXFileReference; lastKnownFileType = sourcecode.swift; path = Coin.swift; sourceTree = "<group>"; };
		6AF2B685262DD53D00D8FF16 /* Powerup.swift */ = {isa = PBXFileReference; lastKnownFileType = sourcecode.swift; path = Powerup.swift; sourceTree = "<group>"; };
		6AF2B68A262DD67E00D8FF16 /* CoinData.swift */ = {isa = PBXFileReference; lastKnownFileType = sourcecode.swift; path = CoinData.swift; sourceTree = "<group>"; };
		6AF2B6AA262E1B9B00D8FF16 /* coin0.json */ = {isa = PBXFileReference; fileEncoding = 4; lastKnownFileType = text.json; path = coin0.json; sourceTree = "<group>"; };
		6AF2B6AB262E1B9B00D8FF16 /* coin2.json */ = {isa = PBXFileReference; fileEncoding = 4; lastKnownFileType = text.json; path = coin2.json; sourceTree = "<group>"; };
		6AF2B6AC262E1B9B00D8FF16 /* coin5.json */ = {isa = PBXFileReference; fileEncoding = 4; lastKnownFileType = text.json; path = coin5.json; sourceTree = "<group>"; };
		6AF2B6AD262E1B9B00D8FF16 /* coin4.json */ = {isa = PBXFileReference; fileEncoding = 4; lastKnownFileType = text.json; path = coin4.json; sourceTree = "<group>"; };
		6AF2B6AE262E1B9B00D8FF16 /* coin6.json */ = {isa = PBXFileReference; fileEncoding = 4; lastKnownFileType = text.json; path = coin6.json; sourceTree = "<group>"; };
		6AF2B6AF262E1B9B00D8FF16 /* coin1.json */ = {isa = PBXFileReference; fileEncoding = 4; lastKnownFileType = text.json; path = coin1.json; sourceTree = "<group>"; };
		6AF2B6B0262E1B9B00D8FF16 /* coin3.json */ = {isa = PBXFileReference; fileEncoding = 4; lastKnownFileType = text.json; path = coin3.json; sourceTree = "<group>"; };
		6AF2B6B1262E1B9B00D8FF16 /* coin7.json */ = {isa = PBXFileReference; fileEncoding = 4; lastKnownFileType = text.json; path = coin7.json; sourceTree = "<group>"; };
		6AF2B6BD262E22A900D8FF16 /* Magnet.atlas */ = {isa = PBXFileReference; lastKnownFileType = folder.skatlas; path = Magnet.atlas; sourceTree = "<group>"; };
		6AF2B6C2262E233600D8FF16 /* Lightspeed.atlas */ = {isa = PBXFileReference; lastKnownFileType = folder.skatlas; path = Lightspeed.atlas; sourceTree = "<group>"; };
		6AF2B6CA262E3BAC00D8FF16 /* Robot.atlas */ = {isa = PBXFileReference; lastKnownFileType = folder.skatlas; path = Robot.atlas; sourceTree = "<group>"; };
		7BC93D8F58195277E3393910 /* Pods-HyperionTests.release.xcconfig */ = {isa = PBXFileReference; includeInIndex = 1; lastKnownFileType = text.xcconfig; name = "Pods-HyperionTests.release.xcconfig"; path = "Target Support Files/Pods-HyperionTests/Pods-HyperionTests.release.xcconfig"; sourceTree = "<group>"; };
		9478EAD19C181924B5C057AB /* Pods-Hyperion-HyperionUITests.debug.xcconfig */ = {isa = PBXFileReference; includeInIndex = 1; lastKnownFileType = text.xcconfig; name = "Pods-Hyperion-HyperionUITests.debug.xcconfig"; path = "Target Support Files/Pods-Hyperion-HyperionUITests/Pods-Hyperion-HyperionUITests.debug.xcconfig"; sourceTree = "<group>"; };
		A89F6D1F738265C78552CEF8 /* Pods_Ninja_JetpackTests.framework */ = {isa = PBXFileReference; explicitFileType = wrapper.framework; includeInIndex = 0; path = Pods_Ninja_JetpackTests.framework; sourceTree = BUILT_PRODUCTS_DIR; };
		EA4C3367D3D30DEF76010254 /* Pods-HyperionTests.debug.xcconfig */ = {isa = PBXFileReference; includeInIndex = 1; lastKnownFileType = text.xcconfig; name = "Pods-HyperionTests.debug.xcconfig"; path = "Target Support Files/Pods-HyperionTests/Pods-HyperionTests.debug.xcconfig"; sourceTree = "<group>"; };
		F28F31C5DE49ADA0DA9472CE /* Pods-Ninja JetpackTests.debug.xcconfig */ = {isa = PBXFileReference; includeInIndex = 1; lastKnownFileType = text.xcconfig; name = "Pods-Ninja JetpackTests.debug.xcconfig"; path = "Target Support Files/Pods-Ninja JetpackTests/Pods-Ninja JetpackTests.debug.xcconfig"; sourceTree = "<group>"; };
		F2C9623A1A686A0FE4423999 /* Pods-Ninja JetpackTests.release.xcconfig */ = {isa = PBXFileReference; includeInIndex = 1; lastKnownFileType = text.xcconfig; name = "Pods-Ninja JetpackTests.release.xcconfig"; path = "Target Support Files/Pods-Ninja JetpackTests/Pods-Ninja JetpackTests.release.xcconfig"; sourceTree = "<group>"; };
		FFC260CD8915C175E94C0172 /* Pods-Hyperion-HyperionUITests.release.xcconfig */ = {isa = PBXFileReference; includeInIndex = 1; lastKnownFileType = text.xcconfig; name = "Pods-Hyperion-HyperionUITests.release.xcconfig"; path = "Target Support Files/Pods-Hyperion-HyperionUITests/Pods-Hyperion-HyperionUITests.release.xcconfig"; sourceTree = "<group>"; };
/* End PBXFileReference section */

/* Begin PBXFrameworksBuildPhase section */
		6A0C5649261E4C2200A12480 /* Frameworks */ = {
			isa = PBXFrameworksBuildPhase;
			buildActionMask = 2147483647;
			files = (
				F4D79A708569D0FC993840CB /* Pods_Ninja_Jetpack.framework in Frameworks */,
			);
			runOnlyForDeploymentPostprocessing = 0;
		};
		6A0C5660261E4C2900A12480 /* Frameworks */ = {
			isa = PBXFrameworksBuildPhase;
			buildActionMask = 2147483647;
			files = (
				A03BDCBE872A4F8C57CC6FFC /* Pods_Ninja_JetpackTests.framework in Frameworks */,
			);
			runOnlyForDeploymentPostprocessing = 0;
		};
		6A0C566B261E4C2900A12480 /* Frameworks */ = {
			isa = PBXFrameworksBuildPhase;
			buildActionMask = 2147483647;
			files = (
				4D684F5B0599F9471E275EF1 /* Pods_Ninja_Jetpack_Ninja_JetpackUITests.framework in Frameworks */,
			);
			runOnlyForDeploymentPostprocessing = 0;
		};
/* End PBXFrameworksBuildPhase section */

/* Begin PBXGroup section */
		0C03D31811C036AF3DEB9574 /* Pods */ = {
			isa = PBXGroup;
			children = (
				60FBE14BF265245E0B52D8AA /* Pods-Hyperion.debug.xcconfig */,
				4961856506B3026F4F3FF37C /* Pods-Hyperion.release.xcconfig */,
				9478EAD19C181924B5C057AB /* Pods-Hyperion-HyperionUITests.debug.xcconfig */,
				FFC260CD8915C175E94C0172 /* Pods-Hyperion-HyperionUITests.release.xcconfig */,
				EA4C3367D3D30DEF76010254 /* Pods-HyperionTests.debug.xcconfig */,
				7BC93D8F58195277E3393910 /* Pods-HyperionTests.release.xcconfig */,
				1B361007F0FE2207FC88AD16 /* Pods-Ninja Jetpack.debug.xcconfig */,
				12040E8522FEF70F868CE368 /* Pods-Ninja Jetpack.release.xcconfig */,
				12F22832E7BE3E66C1A2E029 /* Pods-Ninja Jetpack-Ninja JetpackUITests.debug.xcconfig */,
				285A9A29ADEA5D36C545EB58 /* Pods-Ninja Jetpack-Ninja JetpackUITests.release.xcconfig */,
				F28F31C5DE49ADA0DA9472CE /* Pods-Ninja JetpackTests.debug.xcconfig */,
				F2C9623A1A686A0FE4423999 /* Pods-Ninja JetpackTests.release.xcconfig */,
			);
			path = Pods;
			sourceTree = "<group>";
		};
		6A0C5643261E4C2200A12480 = {
			isa = PBXGroup;
			children = (
				6A0C564E261E4C2200A12480 /* Ninja Jetpack */,
				6A0C5666261E4C2900A12480 /* NinjaJetpackTests */,
				6A0C5671261E4C2900A12480 /* NinjaJetpackUITests */,
				6A0C564D261E4C2200A12480 /* Products */,
				0C03D31811C036AF3DEB9574 /* Pods */,
				8243AABFEBFCBF2E031885AA /* Frameworks */,
			);
			sourceTree = "<group>";
		};
		6A0C564D261E4C2200A12480 /* Products */ = {
			isa = PBXGroup;
			children = (
				6A0C564C261E4C2200A12480 /* Ninja Jetpack.app */,
				6A0C5663261E4C2900A12480 /* Ninja JetpackTests.xctest */,
				6A0C566E261E4C2900A12480 /* Ninja JetpackUITests.xctest */,
			);
			name = Products;
			sourceTree = "<group>";
		};
		6A0C564E261E4C2200A12480 /* Ninja Jetpack */ = {
			isa = PBXGroup;
			children = (
				6A9AEEC82642CC3D0068F46E /* fonts */,
				6AA865212634A78D00536709 /* Custom */,
				6A7854A1262F7163007320D4 /* Support */,
				6AF2B672262DCE9700D8FF16 /* Atlases */,
				6A665B212649B3E400A2212A /* Objects */,
				6A665B222649B42000A2212A /* Emitters */,
				6AF2B68F262DD68400D8FF16 /* CoinStructure */,
				6A665B232649B44900A2212A /* Data */,
				6A665B262649B49700A2212A /* View */,
				6A0C564F261E4C2200A12480 /* AppDelegate.swift */,
				6A0C5655261E4C2200A12480 /* GameScene.swift */,
				6A0C5657261E4C2200A12480 /* GameViewController.swift */,
				6A9DD5DC264EAC240040D94E /* ShopViewController.swift */,
				6A0C565C261E4C2800A12480 /* Assets.xcassets */,
				6A0C565E261E4C2800A12480 /* Info.plist */,
			);
			path = "Ninja Jetpack";
			sourceTree = "<group>";
		};
		6A0C5666261E4C2900A12480 /* NinjaJetpackTests */ = {
			isa = PBXGroup;
			children = (
				6A0C5667261E4C2900A12480 /* NinjaJetpackTests.swift */,
				6A0C5669261E4C2900A12480 /* Info.plist */,
			);
			path = NinjaJetpackTests;
			sourceTree = "<group>";
		};
		6A0C5671261E4C2900A12480 /* NinjaJetpackUITests */ = {
			isa = PBXGroup;
			children = (
				6A0C5672261E4C2900A12480 /* NinjaJetpackUITests.swift */,
				6A0C5674261E4C2900A12480 /* Info.plist */,
			);
			path = NinjaJetpackUITests;
			sourceTree = "<group>";
		};
		6A580C6B265262B9003CFD63 /* ReviveView */ = {
			isa = PBXGroup;
			children = (
				6A580C6C26527E2E003CFD63 /* ReviveView.swift */,
				6A580C6E26527EB9003CFD63 /* ReviveView.xib */,
			);
			path = ReviveView;
			sourceTree = "<group>";
		};
		6A665B212649B3E400A2212A /* Objects */ = {
			isa = PBXGroup;
			children = (
				6A78549C262F02CE007320D4 /* Object.swift */,
				6AF2B676262DCED300D8FF16 /* Ninja.swift */,
				6A785497262EEFAC007320D4 /* Obstacle.swift */,
				6AF2B680262DD30B00D8FF16 /* Coin.swift */,
				6AF2B685262DD53D00D8FF16 /* Powerup.swift */,
				6A785489262ED075007320D4 /* Robot.swift */,
				6AF2B67B262DD1D300D8FF16 /* Bullet.swift */,
			);
			path = Objects;
			sourceTree = "<group>";
		};
		6A665B222649B42000A2212A /* Emitters */ = {
			isa = PBXGroup;
			children = (
				6A5187C826418F290029A432 /* lightspeed.sks */,
				6A7854DD262F76FA007320D4 /* jetpackfire.sks */,
				6AC45AFD26306A74005127CF /* shot.sks */,
			);
			path = Emitters;
			sourceTree = "<group>";
		};
		6A665B232649B44900A2212A /* Data */ = {
			isa = PBXGroup;
			children = (
				6AF2B68A262DD67E00D8FF16 /* CoinData.swift */,
				6A665B242649B48D00A2212A /* DataManager.swift */,
			);
			path = Data;
			sourceTree = "<group>";
		};
		6A665B262649B49700A2212A /* View */ = {
			isa = PBXGroup;
			children = (
				6A0C568D261E522E00A12480 /* LaunchScreen.storyboard */,
				6A0C5659261E4C2200A12480 /* Main.storyboard */,
			);
			path = View;
			sourceTree = "<group>";
		};
		6A665B292649C1A800A2212A /* ScoreBoard */ = {
			isa = PBXGroup;
			children = (
				6A665B272649C1A300A2212A /* ScoreBoard.swift */,
				6A665B2A2649C1B800A2212A /* ScoreBoard.xib */,
			);
			path = ScoreBoard;
			sourceTree = "<group>";
		};
		6A7854A1262F7163007320D4 /* Support */ = {
			isa = PBXGroup;
			children = (
				6A7854A2262F7171007320D4 /* UIColor_Extension.swift */,
				6AC45B052630D68C005127CF /* Key.swift */,
				6AC45B0A2630DC21005127CF /* Category.swift */,
				6AA8652B2634C4BC00536709 /* Logger.swift */,
				6A7C2771265FB4D40043887C /* Int_Extension.swift */,
			);
			path = Support;
			sourceTree = "<group>";
		};
		6A9AEEC82642CC3D0068F46E /* fonts */ = {
			isa = PBXGroup;
			children = (
				6AAB373C26496500007E6E95 /* zorque.ttf */,
			);
			path = fonts;
			sourceTree = "<group>";
		};
		6AA865212634A78D00536709 /* Custom */ = {
			isa = PBXGroup;
			children = (
				6A580C6B265262B9003CFD63 /* ReviveView */,
				6A665B292649C1A800A2212A /* ScoreBoard */,
				6AA865232634A7A600536709 /* MenuButton.swift */,
				6A580C7026531A84003CFD63 /* CustomView.swift */,
			);
			path = Custom;
			sourceTree = "<group>";
		};
		6AF2B672262DCE9700D8FF16 /* Atlases */ = {
			isa = PBXGroup;
			children = (
				6A9AEEC62642B9C60068F46E /* RunMagnet.atlas */,
				6A9AEEC42642B9BC0068F46E /* RunImmortal.atlas */,
				6A9AEEC22642B1790068F46E /* FlyMagnet.atlas */,
				6A5187CC2641AE7C0029A432 /* FlyImmortal.atlas */,
				6AF2B6CA262E3BAC00D8FF16 /* Robot.atlas */,
				6AF2B6C2262E233600D8FF16 /* Lightspeed.atlas */,
				6AF2B6BD262E22A900D8FF16 /* Magnet.atlas */,
				6A0C569B261E711600A12480 /* Idle.atlas */,
				6A0C5693261E64BD00A12480 /* Run.atlas */,
				6AF2B66A262DC4F400D8FF16 /* Immortality.atlas */,
				6A95DA8D261FC1B8003C6179 /* Dead.atlas */,
				6AA68B052627A12400DECC28 /* Coin.atlas */,
				6A95DA92261FC244003C6179 /* Jump.atlas */,
				6A734E98262387BA002EEDDF /* Fly.atlas */,
			);
			path = Atlases;
			sourceTree = "<group>";
		};
		6AF2B68F262DD68400D8FF16 /* CoinStructure */ = {
			isa = PBXGroup;
			children = (
				6AF2B6AA262E1B9B00D8FF16 /* coin0.json */,
				6AF2B6AF262E1B9B00D8FF16 /* coin1.json */,
				6AF2B6AB262E1B9B00D8FF16 /* coin2.json */,
				6AF2B6B0262E1B9B00D8FF16 /* coin3.json */,
				6AF2B6AD262E1B9B00D8FF16 /* coin4.json */,
				6AF2B6AC262E1B9B00D8FF16 /* coin5.json */,
				6AF2B6AE262E1B9B00D8FF16 /* coin6.json */,
				6AF2B6B1262E1B9B00D8FF16 /* coin7.json */,
				6A9DD5D6264E9D120040D94E /* coin8.json */,
				6A9DD5D8264E9FC80040D94E /* coin9.json */,
			);
			path = CoinStructure;
			sourceTree = "<group>";
		};
		8243AABFEBFCBF2E031885AA /* Frameworks */ = {
			isa = PBXGroup;
			children = (
				697252F045745EC29D3F0B4C /* Pods_Ninja_Jetpack.framework */,
				0B21BF8A30A9E91853429517 /* Pods_Ninja_Jetpack_Ninja_JetpackUITests.framework */,
				A89F6D1F738265C78552CEF8 /* Pods_Ninja_JetpackTests.framework */,
			);
			name = Frameworks;
			sourceTree = "<group>";
		};
/* End PBXGroup section */

/* Begin PBXNativeTarget section */
		6A0C564B261E4C2200A12480 /* Ninja Jetpack */ = {
			isa = PBXNativeTarget;
			buildConfigurationList = 6A0C5677261E4C2900A12480 /* Build configuration list for PBXNativeTarget "Ninja Jetpack" */;
			buildPhases = (
				C07AAEB387D0B36B91BF4919 /* [CP] Check Pods Manifest.lock */,
				6A0C5648261E4C2200A12480 /* Sources */,
				6A0C5649261E4C2200A12480 /* Frameworks */,
				6A0C564A261E4C2200A12480 /* Resources */,
				A5210DD6F3425F71DA7F438A /* [CP] Embed Pods Frameworks */,
			);
			buildRules = (
			);
			dependencies = (
			);
			name = "Ninja Jetpack";
			productName = Hyperion;
			productReference = 6A0C564C261E4C2200A12480 /* Ninja Jetpack.app */;
			productType = "com.apple.product-type.application";
		};
		6A0C5662261E4C2900A12480 /* Ninja JetpackTests */ = {
			isa = PBXNativeTarget;
			buildConfigurationList = 6A0C567A261E4C2900A12480 /* Build configuration list for PBXNativeTarget "Ninja JetpackTests" */;
			buildPhases = (
				194216B104B36285CB6A9A71 /* [CP] Check Pods Manifest.lock */,
				6A0C565F261E4C2900A12480 /* Sources */,
				6A0C5660261E4C2900A12480 /* Frameworks */,
				6A0C5661261E4C2900A12480 /* Resources */,
			);
			buildRules = (
			);
			dependencies = (
				6A0C5665261E4C2900A12480 /* PBXTargetDependency */,
			);
			name = "Ninja JetpackTests";
			productName = HyperionTests;
			productReference = 6A0C5663261E4C2900A12480 /* Ninja JetpackTests.xctest */;
			productType = "com.apple.product-type.bundle.unit-test";
		};
		6A0C566D261E4C2900A12480 /* Ninja JetpackUITests */ = {
			isa = PBXNativeTarget;
			buildConfigurationList = 6A0C567D261E4C2900A12480 /* Build configuration list for PBXNativeTarget "Ninja JetpackUITests" */;
			buildPhases = (
				89B7DA2C53607608C0888F3D /* [CP] Check Pods Manifest.lock */,
				6A0C566A261E4C2900A12480 /* Sources */,
				6A0C566B261E4C2900A12480 /* Frameworks */,
				6A0C566C261E4C2900A12480 /* Resources */,
				29738E7CF5C5D8E14FEBEBC0 /* [CP] Embed Pods Frameworks */,
			);
			buildRules = (
			);
			dependencies = (
				6A0C5670261E4C2900A12480 /* PBXTargetDependency */,
			);
			name = "Ninja JetpackUITests";
			productName = HyperionUITests;
			productReference = 6A0C566E261E4C2900A12480 /* Ninja JetpackUITests.xctest */;
			productType = "com.apple.product-type.bundle.ui-testing";
		};
/* End PBXNativeTarget section */

/* Begin PBXProject section */
		6A0C5644261E4C2200A12480 /* Project object */ = {
			isa = PBXProject;
			attributes = {
				LastSwiftUpdateCheck = 1220;
				LastUpgradeCheck = 1220;
				TargetAttributes = {
					6A0C564B261E4C2200A12480 = {
						CreatedOnToolsVersion = 12.2;
					};
					6A0C5662261E4C2900A12480 = {
						CreatedOnToolsVersion = 12.2;
						TestTargetID = 6A0C564B261E4C2200A12480;
					};
					6A0C566D261E4C2900A12480 = {
						CreatedOnToolsVersion = 12.2;
						TestTargetID = 6A0C564B261E4C2200A12480;
					};
				};
			};
			buildConfigurationList = 6A0C5647261E4C2200A12480 /* Build configuration list for PBXProject "Ninja Jetpack" */;
			compatibilityVersion = "Xcode 9.3";
			developmentRegion = en;
			hasScannedForEncodings = 0;
			knownRegions = (
				en,
				Base,
			);
			mainGroup = 6A0C5643261E4C2200A12480;
			productRefGroup = 6A0C564D261E4C2200A12480 /* Products */;
			projectDirPath = "";
			projectRoot = "";
			targets = (
				6A0C564B261E4C2200A12480 /* Ninja Jetpack */,
				6A0C5662261E4C2900A12480 /* Ninja JetpackTests */,
				6A0C566D261E4C2900A12480 /* Ninja JetpackUITests */,
			);
		};
/* End PBXProject section */

/* Begin PBXResourcesBuildPhase section */
		6A0C564A261E4C2200A12480 /* Resources */ = {
			isa = PBXResourcesBuildPhase;
			buildActionMask = 2147483647;
			files = (
				6AF2B6B8262E1B9C00D8FF16 /* coin3.json in Resources */,
				6A0C568E261E522E00A12480 /* LaunchScreen.storyboard in Resources */,
				6AF2B6B7262E1B9C00D8FF16 /* coin1.json in Resources */,
				6AF2B6BE262E22A900D8FF16 /* Magnet.atlas in Resources */,
				6AF2B6C3262E233600D8FF16 /* Lightspeed.atlas in Resources */,
				6A580C6F26527EB9003CFD63 /* ReviveView.xib in Resources */,
				6A9AEEC52642B9BC0068F46E /* RunImmortal.atlas in Resources */,
				6AF2B6B6262E1B9C00D8FF16 /* coin6.json in Resources */,
				6A0C565B261E4C2200A12480 /* Main.storyboard in Resources */,
				6A9AEEC32642B1790068F46E /* FlyMagnet.atlas in Resources */,
				6AF2B6B3262E1B9C00D8FF16 /* coin2.json in Resources */,
				6AF2B6B2262E1B9C00D8FF16 /* coin0.json in Resources */,
				6AA68B062627A12400DECC28 /* Coin.atlas in Resources */,
				6AAB373D26496500007E6E95 /* zorque.ttf in Resources */,
				6A5187CD2641AF220029A432 /* FlyImmortal.atlas in Resources */,
				6AF2B6B4262E1B9C00D8FF16 /* coin5.json in Resources */,
				6A665B2B2649C1B800A2212A /* ScoreBoard.xib in Resources */,
				6AC45AFE26306A74005127CF /* shot.sks in Resources */,
				6A9AEEC72642B9C60068F46E /* RunMagnet.atlas in Resources */,
				6A734E99262387BA002EEDDF /* Fly.atlas in Resources */,
				6A7854DE262F76FA007320D4 /* jetpackfire.sks in Resources */,
				6A9DD5D9264E9FC80040D94E /* coin9.json in Resources */,
				6A95DA93261FC244003C6179 /* Jump.atlas in Resources */,
				6AF2B66B262DC4F400D8FF16 /* Immortality.atlas in Resources */,
				6A9DD5D7264E9D120040D94E /* coin8.json in Resources */,
				6AF2B6B5262E1B9C00D8FF16 /* coin4.json in Resources */,
				6A0C565D261E4C2800A12480 /* Assets.xcassets in Resources */,
				6AF2B6CB262E3BAC00D8FF16 /* Robot.atlas in Resources */,
				6AF2B6B9262E1B9C00D8FF16 /* coin7.json in Resources */,
				6A95DA8E261FC1B8003C6179 /* Dead.atlas in Resources */,
				6A0C569C261E711600A12480 /* Idle.atlas in Resources */,
				6A5187C926418F290029A432 /* lightspeed.sks in Resources */,
				6A0C5694261E64BD00A12480 /* Run.atlas in Resources */,
			);
			runOnlyForDeploymentPostprocessing = 0;
		};
		6A0C5661261E4C2900A12480 /* Resources */ = {
			isa = PBXResourcesBuildPhase;
			buildActionMask = 2147483647;
			files = (
			);
			runOnlyForDeploymentPostprocessing = 0;
		};
		6A0C566C261E4C2900A12480 /* Resources */ = {
			isa = PBXResourcesBuildPhase;
			buildActionMask = 2147483647;
			files = (
			);
			runOnlyForDeploymentPostprocessing = 0;
		};
/* End PBXResourcesBuildPhase section */

/* Begin PBXShellScriptBuildPhase section */
		194216B104B36285CB6A9A71 /* [CP] Check Pods Manifest.lock */ = {
			isa = PBXShellScriptBuildPhase;
			buildActionMask = 2147483647;
			files = (
			);
			inputFileListPaths = (
			);
			inputPaths = (
				"${PODS_PODFILE_DIR_PATH}/Podfile.lock",
				"${PODS_ROOT}/Manifest.lock",
			);
			name = "[CP] Check Pods Manifest.lock";
			outputFileListPaths = (
			);
			outputPaths = (
				"$(DERIVED_FILE_DIR)/Pods-Ninja JetpackTests-checkManifestLockResult.txt",
			);
			runOnlyForDeploymentPostprocessing = 0;
			shellPath = /bin/sh;
			shellScript = "diff \"${PODS_PODFILE_DIR_PATH}/Podfile.lock\" \"${PODS_ROOT}/Manifest.lock\" > /dev/null\nif [ $? != 0 ] ; then\n    # print error to STDERR\n    echo \"error: The sandbox is not in sync with the Podfile.lock. Run 'pod install' or update your CocoaPods installation.\" >&2\n    exit 1\nfi\n# This output is used by Xcode 'outputs' to avoid re-running this script phase.\necho \"SUCCESS\" > \"${SCRIPT_OUTPUT_FILE_0}\"\n";
			showEnvVarsInLog = 0;
		};
		29738E7CF5C5D8E14FEBEBC0 /* [CP] Embed Pods Frameworks */ = {
			isa = PBXShellScriptBuildPhase;
			buildActionMask = 2147483647;
			files = (
			);
			inputFileListPaths = (
				"${PODS_ROOT}/Target Support Files/Pods-Ninja Jetpack-Ninja JetpackUITests/Pods-Ninja Jetpack-Ninja JetpackUITests-frameworks-${CONFIGURATION}-input-files.xcfilelist",
			);
			name = "[CP] Embed Pods Frameworks";
			outputFileListPaths = (
				"${PODS_ROOT}/Target Support Files/Pods-Ninja Jetpack-Ninja JetpackUITests/Pods-Ninja Jetpack-Ninja JetpackUITests-frameworks-${CONFIGURATION}-output-files.xcfilelist",
			);
			runOnlyForDeploymentPostprocessing = 0;
			shellPath = /bin/sh;
			shellScript = "\"${PODS_ROOT}/Target Support Files/Pods-Ninja Jetpack-Ninja JetpackUITests/Pods-Ninja Jetpack-Ninja JetpackUITests-frameworks.sh\"\n";
			showEnvVarsInLog = 0;
		};
		89B7DA2C53607608C0888F3D /* [CP] Check Pods Manifest.lock */ = {
			isa = PBXShellScriptBuildPhase;
			buildActionMask = 2147483647;
			files = (
			);
			inputFileListPaths = (
			);
			inputPaths = (
				"${PODS_PODFILE_DIR_PATH}/Podfile.lock",
				"${PODS_ROOT}/Manifest.lock",
			);
			name = "[CP] Check Pods Manifest.lock";
			outputFileListPaths = (
			);
			outputPaths = (
				"$(DERIVED_FILE_DIR)/Pods-Ninja Jetpack-Ninja JetpackUITests-checkManifestLockResult.txt",
			);
			runOnlyForDeploymentPostprocessing = 0;
			shellPath = /bin/sh;
			shellScript = "diff \"${PODS_PODFILE_DIR_PATH}/Podfile.lock\" \"${PODS_ROOT}/Manifest.lock\" > /dev/null\nif [ $? != 0 ] ; then\n    # print error to STDERR\n    echo \"error: The sandbox is not in sync with the Podfile.lock. Run 'pod install' or update your CocoaPods installation.\" >&2\n    exit 1\nfi\n# This output is used by Xcode 'outputs' to avoid re-running this script phase.\necho \"SUCCESS\" > \"${SCRIPT_OUTPUT_FILE_0}\"\n";
			showEnvVarsInLog = 0;
		};
		A5210DD6F3425F71DA7F438A /* [CP] Embed Pods Frameworks */ = {
			isa = PBXShellScriptBuildPhase;
			buildActionMask = 2147483647;
			files = (
			);
			inputFileListPaths = (
				"${PODS_ROOT}/Target Support Files/Pods-Ninja Jetpack/Pods-Ninja Jetpack-frameworks-${CONFIGURATION}-input-files.xcfilelist",
			);
			name = "[CP] Embed Pods Frameworks";
			outputFileListPaths = (
				"${PODS_ROOT}/Target Support Files/Pods-Ninja Jetpack/Pods-Ninja Jetpack-frameworks-${CONFIGURATION}-output-files.xcfilelist",
			);
			runOnlyForDeploymentPostprocessing = 0;
			shellPath = /bin/sh;
			shellScript = "\"${PODS_ROOT}/Target Support Files/Pods-Ninja Jetpack/Pods-Ninja Jetpack-frameworks.sh\"\n";
			showEnvVarsInLog = 0;
		};
		C07AAEB387D0B36B91BF4919 /* [CP] Check Pods Manifest.lock */ = {
			isa = PBXShellScriptBuildPhase;
			buildActionMask = 2147483647;
			files = (
			);
			inputFileListPaths = (
			);
			inputPaths = (
				"${PODS_PODFILE_DIR_PATH}/Podfile.lock",
				"${PODS_ROOT}/Manifest.lock",
			);
			name = "[CP] Check Pods Manifest.lock";
			outputFileListPaths = (
			);
			outputPaths = (
				"$(DERIVED_FILE_DIR)/Pods-Ninja Jetpack-checkManifestLockResult.txt",
			);
			runOnlyForDeploymentPostprocessing = 0;
			shellPath = /bin/sh;
			shellScript = "diff \"${PODS_PODFILE_DIR_PATH}/Podfile.lock\" \"${PODS_ROOT}/Manifest.lock\" > /dev/null\nif [ $? != 0 ] ; then\n    # print error to STDERR\n    echo \"error: The sandbox is not in sync with the Podfile.lock. Run 'pod install' or update your CocoaPods installation.\" >&2\n    exit 1\nfi\n# This output is used by Xcode 'outputs' to avoid re-running this script phase.\necho \"SUCCESS\" > \"${SCRIPT_OUTPUT_FILE_0}\"\n";
			showEnvVarsInLog = 0;
		};
/* End PBXShellScriptBuildPhase section */

/* Begin PBXSourcesBuildPhase section */
		6A0C5648261E4C2200A12480 /* Sources */ = {
			isa = PBXSourcesBuildPhase;
			buildActionMask = 2147483647;
			files = (
				6AF2B681262DD30B00D8FF16 /* Coin.swift in Sources */,
				6A0C5656261E4C2200A12480 /* GameScene.swift in Sources */,
				6AA865242634A7A600536709 /* MenuButton.swift in Sources */,
				6A580C7126531A84003CFD63 /* CustomView.swift in Sources */,
				6A665B282649C1A300A2212A /* ScoreBoard.swift in Sources */,
				6A785498262EEFAC007320D4 /* Obstacle.swift in Sources */,
				6AC45B062630D68C005127CF /* Key.swift in Sources */,
				6A0C5658261E4C2200A12480 /* GameViewController.swift in Sources */,
				6AF2B67C262DD1D300D8FF16 /* Bullet.swift in Sources */,
				6AA8652C2634C4BC00536709 /* Logger.swift in Sources */,
				6AF2B68B262DD67E00D8FF16 /* CoinData.swift in Sources */,
				6A9DD5DD264EAC240040D94E /* ShopViewController.swift in Sources */,
				6A665B252649B48D00A2212A /* DataManager.swift in Sources */,
				6A78549D262F02CE007320D4 /* Object.swift in Sources */,
				6AF2B677262DCED300D8FF16 /* Ninja.swift in Sources */,
				6AF2B686262DD53D00D8FF16 /* Powerup.swift in Sources */,
				6A78548A262ED075007320D4 /* Robot.swift in Sources */,
				6A0C5650261E4C2200A12480 /* AppDelegate.swift in Sources */,
				6A7854A3262F7171007320D4 /* UIColor_Extension.swift in Sources */,
				6AC45B0B2630DC21005127CF /* Category.swift in Sources */,
				6A580C6D26527E2E003CFD63 /* ReviveView.swift in Sources */,
				6A7C2772265FB4D40043887C /* Int_Extension.swift in Sources */,
			);
			runOnlyForDeploymentPostprocessing = 0;
		};
		6A0C565F261E4C2900A12480 /* Sources */ = {
			isa = PBXSourcesBuildPhase;
			buildActionMask = 2147483647;
			files = (
				6A0C5668261E4C2900A12480 /* NinjaJetpackTests.swift in Sources */,
			);
			runOnlyForDeploymentPostprocessing = 0;
		};
		6A0C566A261E4C2900A12480 /* Sources */ = {
			isa = PBXSourcesBuildPhase;
			buildActionMask = 2147483647;
			files = (
				6A0C5673261E4C2900A12480 /* NinjaJetpackUITests.swift in Sources */,
			);
			runOnlyForDeploymentPostprocessing = 0;
		};
/* End PBXSourcesBuildPhase section */

/* Begin PBXTargetDependency section */
		6A0C5665261E4C2900A12480 /* PBXTargetDependency */ = {
			isa = PBXTargetDependency;
			target = 6A0C564B261E4C2200A12480 /* Ninja Jetpack */;
			targetProxy = 6A0C5664261E4C2900A12480 /* PBXContainerItemProxy */;
		};
		6A0C5670261E4C2900A12480 /* PBXTargetDependency */ = {
			isa = PBXTargetDependency;
			target = 6A0C564B261E4C2200A12480 /* Ninja Jetpack */;
			targetProxy = 6A0C566F261E4C2900A12480 /* PBXContainerItemProxy */;
		};
/* End PBXTargetDependency section */

/* Begin PBXVariantGroup section */
		6A0C5659261E4C2200A12480 /* Main.storyboard */ = {
			isa = PBXVariantGroup;
			children = (
				6A0C565A261E4C2200A12480 /* Base */,
			);
			name = Main.storyboard;
			sourceTree = "<group>";
		};
/* End PBXVariantGroup section */

/* Begin XCBuildConfiguration section */
		6A0C5675261E4C2900A12480 /* Debug */ = {
			isa = XCBuildConfiguration;
			buildSettings = {
				ALWAYS_SEARCH_USER_PATHS = NO;
				CLANG_ANALYZER_NONNULL = YES;
				CLANG_ANALYZER_NUMBER_OBJECT_CONVERSION = YES_AGGRESSIVE;
				CLANG_CXX_LANGUAGE_STANDARD = "gnu++14";
				CLANG_CXX_LIBRARY = "libc++";
				CLANG_ENABLE_MODULES = YES;
				CLANG_ENABLE_OBJC_ARC = YES;
				CLANG_ENABLE_OBJC_WEAK = YES;
				CLANG_WARN_BLOCK_CAPTURE_AUTORELEASING = YES;
				CLANG_WARN_BOOL_CONVERSION = YES;
				CLANG_WARN_COMMA = YES;
				CLANG_WARN_CONSTANT_CONVERSION = YES;
				CLANG_WARN_DEPRECATED_OBJC_IMPLEMENTATIONS = YES;
				CLANG_WARN_DIRECT_OBJC_ISA_USAGE = YES_ERROR;
				CLANG_WARN_DOCUMENTATION_COMMENTS = YES;
				CLANG_WARN_EMPTY_BODY = YES;
				CLANG_WARN_ENUM_CONVERSION = YES;
				CLANG_WARN_INFINITE_RECURSION = YES;
				CLANG_WARN_INT_CONVERSION = YES;
				CLANG_WARN_NON_LITERAL_NULL_CONVERSION = YES;
				CLANG_WARN_OBJC_IMPLICIT_RETAIN_SELF = YES;
				CLANG_WARN_OBJC_LITERAL_CONVERSION = YES;
				CLANG_WARN_OBJC_ROOT_CLASS = YES_ERROR;
				CLANG_WARN_QUOTED_INCLUDE_IN_FRAMEWORK_HEADER = YES;
				CLANG_WARN_RANGE_LOOP_ANALYSIS = YES;
				CLANG_WARN_STRICT_PROTOTYPES = YES;
				CLANG_WARN_SUSPICIOUS_MOVE = YES;
				CLANG_WARN_UNGUARDED_AVAILABILITY = YES_AGGRESSIVE;
				CLANG_WARN_UNREACHABLE_CODE = YES;
				CLANG_WARN__DUPLICATE_METHOD_MATCH = YES;
				COPY_PHASE_STRIP = NO;
				DEBUG_INFORMATION_FORMAT = dwarf;
				ENABLE_STRICT_OBJC_MSGSEND = YES;
				ENABLE_TESTABILITY = YES;
				GCC_C_LANGUAGE_STANDARD = gnu11;
				GCC_DYNAMIC_NO_PIC = NO;
				GCC_NO_COMMON_BLOCKS = YES;
				GCC_OPTIMIZATION_LEVEL = 0;
				GCC_PREPROCESSOR_DEFINITIONS = (
					"DEBUG=1",
					"$(inherited)",
				);
				GCC_WARN_64_TO_32_BIT_CONVERSION = YES;
				GCC_WARN_ABOUT_RETURN_TYPE = YES_ERROR;
				GCC_WARN_UNDECLARED_SELECTOR = YES;
				GCC_WARN_UNINITIALIZED_AUTOS = YES_AGGRESSIVE;
				GCC_WARN_UNUSED_FUNCTION = YES;
				GCC_WARN_UNUSED_VARIABLE = YES;
				IPHONEOS_DEPLOYMENT_TARGET = 14.2;
				MTL_ENABLE_DEBUG_INFO = INCLUDE_SOURCE;
				MTL_FAST_MATH = YES;
				ONLY_ACTIVE_ARCH = YES;
				SDKROOT = iphoneos;
				SWIFT_ACTIVE_COMPILATION_CONDITIONS = DEBUG;
				SWIFT_OPTIMIZATION_LEVEL = "-Onone";
			};
			name = Debug;
		};
		6A0C5676261E4C2900A12480 /* Release */ = {
			isa = XCBuildConfiguration;
			buildSettings = {
				ALWAYS_SEARCH_USER_PATHS = NO;
				CLANG_ANALYZER_NONNULL = YES;
				CLANG_ANALYZER_NUMBER_OBJECT_CONVERSION = YES_AGGRESSIVE;
				CLANG_CXX_LANGUAGE_STANDARD = "gnu++14";
				CLANG_CXX_LIBRARY = "libc++";
				CLANG_ENABLE_MODULES = YES;
				CLANG_ENABLE_OBJC_ARC = YES;
				CLANG_ENABLE_OBJC_WEAK = YES;
				CLANG_WARN_BLOCK_CAPTURE_AUTORELEASING = YES;
				CLANG_WARN_BOOL_CONVERSION = YES;
				CLANG_WARN_COMMA = YES;
				CLANG_WARN_CONSTANT_CONVERSION = YES;
				CLANG_WARN_DEPRECATED_OBJC_IMPLEMENTATIONS = YES;
				CLANG_WARN_DIRECT_OBJC_ISA_USAGE = YES_ERROR;
				CLANG_WARN_DOCUMENTATION_COMMENTS = YES;
				CLANG_WARN_EMPTY_BODY = YES;
				CLANG_WARN_ENUM_CONVERSION = YES;
				CLANG_WARN_INFINITE_RECURSION = YES;
				CLANG_WARN_INT_CONVERSION = YES;
				CLANG_WARN_NON_LITERAL_NULL_CONVERSION = YES;
				CLANG_WARN_OBJC_IMPLICIT_RETAIN_SELF = YES;
				CLANG_WARN_OBJC_LITERAL_CONVERSION = YES;
				CLANG_WARN_OBJC_ROOT_CLASS = YES_ERROR;
				CLANG_WARN_QUOTED_INCLUDE_IN_FRAMEWORK_HEADER = YES;
				CLANG_WARN_RANGE_LOOP_ANALYSIS = YES;
				CLANG_WARN_STRICT_PROTOTYPES = YES;
				CLANG_WARN_SUSPICIOUS_MOVE = YES;
				CLANG_WARN_UNGUARDED_AVAILABILITY = YES_AGGRESSIVE;
				CLANG_WARN_UNREACHABLE_CODE = YES;
				CLANG_WARN__DUPLICATE_METHOD_MATCH = YES;
				COPY_PHASE_STRIP = NO;
				DEBUG_INFORMATION_FORMAT = "dwarf-with-dsym";
				ENABLE_NS_ASSERTIONS = NO;
				ENABLE_STRICT_OBJC_MSGSEND = YES;
				GCC_C_LANGUAGE_STANDARD = gnu11;
				GCC_NO_COMMON_BLOCKS = YES;
				GCC_WARN_64_TO_32_BIT_CONVERSION = YES;
				GCC_WARN_ABOUT_RETURN_TYPE = YES_ERROR;
				GCC_WARN_UNDECLARED_SELECTOR = YES;
				GCC_WARN_UNINITIALIZED_AUTOS = YES_AGGRESSIVE;
				GCC_WARN_UNUSED_FUNCTION = YES;
				GCC_WARN_UNUSED_VARIABLE = YES;
				IPHONEOS_DEPLOYMENT_TARGET = 14.2;
				MTL_ENABLE_DEBUG_INFO = NO;
				MTL_FAST_MATH = YES;
				SDKROOT = iphoneos;
				SWIFT_COMPILATION_MODE = wholemodule;
				SWIFT_OPTIMIZATION_LEVEL = "-O";
				VALIDATE_PRODUCT = YES;
			};
			name = Release;
		};
		6A0C5678261E4C2900A12480 /* Debug */ = {
			isa = XCBuildConfiguration;
			baseConfigurationReference = 1B361007F0FE2207FC88AD16 /* Pods-Ninja Jetpack.debug.xcconfig */;
			buildSettings = {
				ASSETCATALOG_COMPILER_APPICON_NAME = AppIcon;
				ASSETCATALOG_COMPILER_GLOBAL_ACCENT_COLOR_NAME = AccentColor;
				CODE_SIGN_STYLE = Automatic;
				DEVELOPMENT_TEAM = 5KMR6VMNH4;
				INFOPLIST_FILE = "$(SRCROOT)/Ninja Jetpack/Info.plist";
				LD_RUNPATH_SEARCH_PATHS = (
					"$(inherited)",
					"@executable_path/Frameworks",
				);
				PRODUCT_BUNDLE_IDENTIFIER = com.lajosdeme.NinjaJetpack;
				PRODUCT_NAME = "$(TARGET_NAME)";
				SWIFT_VERSION = 5.0;
				TARGETED_DEVICE_FAMILY = 1;
			};
			name = Debug;
		};
		6A0C5679261E4C2900A12480 /* Release */ = {
			isa = XCBuildConfiguration;
			baseConfigurationReference = 12040E8522FEF70F868CE368 /* Pods-Ninja Jetpack.release.xcconfig */;
			buildSettings = {
				ASSETCATALOG_COMPILER_APPICON_NAME = AppIcon;
				ASSETCATALOG_COMPILER_GLOBAL_ACCENT_COLOR_NAME = AccentColor;
				CODE_SIGN_STYLE = Automatic;
				DEVELOPMENT_TEAM = 5KMR6VMNH4;
				INFOPLIST_FILE = "$(SRCROOT)/Ninja Jetpack/Info.plist";
				LD_RUNPATH_SEARCH_PATHS = (
					"$(inherited)",
					"@executable_path/Frameworks",
				);
				PRODUCT_BUNDLE_IDENTIFIER = com.lajosdeme.NinjaJetpack;
				PRODUCT_NAME = "$(TARGET_NAME)";
				SWIFT_VERSION = 5.0;
				TARGETED_DEVICE_FAMILY = 1;
			};
			name = Release;
		};
		6A0C567B261E4C2900A12480 /* Debug */ = {
			isa = XCBuildConfiguration;
			baseConfigurationReference = F28F31C5DE49ADA0DA9472CE /* Pods-Ninja JetpackTests.debug.xcconfig */;
			buildSettings = {
				ALWAYS_EMBED_SWIFT_STANDARD_LIBRARIES = YES;
				BUNDLE_LOADER = "$(TEST_HOST)";
				CODE_SIGN_STYLE = Automatic;
				DEVELOPMENT_TEAM = 5KMR6VMNH4;
				INFOPLIST_FILE = "Ninja JetpackTests/Info.plist";
				IPHONEOS_DEPLOYMENT_TARGET = 14.2;
				LD_RUNPATH_SEARCH_PATHS = (
					"$(inherited)",
					"@executable_path/Frameworks",
					"@loader_path/Frameworks",
				);
				PRODUCT_BUNDLE_IDENTIFIER = com.lajosdeme.HyperionTests;
				PRODUCT_NAME = "$(TARGET_NAME)";
				SWIFT_VERSION = 5.0;
				TARGETED_DEVICE_FAMILY = "1,2";
				TEST_HOST = "$(BUILT_PRODUCTS_DIR)/Ninja Jetpack.app/Ninja Jetpack";
			};
			name = Debug;
		};
		6A0C567C261E4C2900A12480 /* Release */ = {
			isa = XCBuildConfiguration;
			baseConfigurationReference = F2C9623A1A686A0FE4423999 /* Pods-Ninja JetpackTests.release.xcconfig */;
			buildSettings = {
				ALWAYS_EMBED_SWIFT_STANDARD_LIBRARIES = YES;
				BUNDLE_LOADER = "$(TEST_HOST)";
				CODE_SIGN_STYLE = Automatic;
				DEVELOPMENT_TEAM = 5KMR6VMNH4;
				INFOPLIST_FILE = "Ninja JetpackTests/Info.plist";
				IPHONEOS_DEPLOYMENT_TARGET = 14.2;
				LD_RUNPATH_SEARCH_PATHS = (
					"$(inherited)",
					"@executable_path/Frameworks",
					"@loader_path/Frameworks",
				);
				PRODUCT_BUNDLE_IDENTIFIER = com.lajosdeme.HyperionTests;
				PRODUCT_NAME = "$(TARGET_NAME)";
				SWIFT_VERSION = 5.0;
				TARGETED_DEVICE_FAMILY = "1,2";
				TEST_HOST = "$(BUILT_PRODUCTS_DIR)/Ninja Jetpack.app/Ninja Jetpack";
			};
			name = Release;
		};
		6A0C567E261E4C2900A12480 /* Debug */ = {
			isa = XCBuildConfiguration;
			baseConfigurationReference = 12F22832E7BE3E66C1A2E029 /* Pods-Ninja Jetpack-Ninja JetpackUITests.debug.xcconfig */;
			buildSettings = {
				ALWAYS_EMBED_SWIFT_STANDARD_LIBRARIES = YES;
				CODE_SIGN_STYLE = Automatic;
				DEVELOPMENT_TEAM = 5KMR6VMNH4;
				INFOPLIST_FILE = "Ninja JetpackUITests/Info.plist";
				LD_RUNPATH_SEARCH_PATHS = (
					"$(inherited)",
					"@executable_path/Frameworks",
					"@loader_path/Frameworks",
				);
				PRODUCT_BUNDLE_IDENTIFIER = com.lajosdeme.NinjaJetpackUITests;
				PRODUCT_NAME = "$(TARGET_NAME)";
				SWIFT_VERSION = 5.0;
				TARGETED_DEVICE_FAMILY = "1,2";
				TEST_TARGET_NAME = Hyperion;
			};
			name = Debug;
		};
		6A0C567F261E4C2900A12480 /* Release */ = {
			isa = XCBuildConfiguration;
			baseConfigurationReference = 285A9A29ADEA5D36C545EB58 /* Pods-Ninja Jetpack-Ninja JetpackUITests.release.xcconfig */;
			buildSettings = {
				ALWAYS_EMBED_SWIFT_STANDARD_LIBRARIES = YES;
				CODE_SIGN_STYLE = Automatic;
				DEVELOPMENT_TEAM = 5KMR6VMNH4;
				INFOPLIST_FILE = "Ninja JetpackUITests/Info.plist";
				LD_RUNPATH_SEARCH_PATHS = (
					"$(inherited)",
					"@executable_path/Frameworks",
					"@loader_path/Frameworks",
				);
				PRODUCT_BUNDLE_IDENTIFIER = com.lajosdeme.NinjaJetpackUITests;
				PRODUCT_NAME = "$(TARGET_NAME)";
				SWIFT_VERSION = 5.0;
				TARGETED_DEVICE_FAMILY = "1,2";
				TEST_TARGET_NAME = Hyperion;
			};
			name = Release;
		};
/* End XCBuildConfiguration section */

/* Begin XCConfigurationList section */
		6A0C5647261E4C2200A12480 /* Build configuration list for PBXProject "Ninja Jetpack" */ = {
			isa = XCConfigurationList;
			buildConfigurations = (
				6A0C5675261E4C2900A12480 /* Debug */,
				6A0C5676261E4C2900A12480 /* Release */,
			);
			defaultConfigurationIsVisible = 0;
			defaultConfigurationName = Release;
		};
		6A0C5677261E4C2900A12480 /* Build configuration list for PBXNativeTarget "Ninja Jetpack" */ = {
			isa = XCConfigurationList;
			buildConfigurations = (
				6A0C5678261E4C2900A12480 /* Debug */,
				6A0C5679261E4C2900A12480 /* Release */,
			);
			defaultConfigurationIsVisible = 0;
			defaultConfigurationName = Release;
		};
		6A0C567A261E4C2900A12480 /* Build configuration list for PBXNativeTarget "Ninja JetpackTests" */ = {
			isa = XCConfigurationList;
			buildConfigurations = (
				6A0C567B261E4C2900A12480 /* Debug */,
				6A0C567C261E4C2900A12480 /* Release */,
			);
			defaultConfigurationIsVisible = 0;
			defaultConfigurationName = Release;
		};
		6A0C567D261E4C2900A12480 /* Build configuration list for PBXNativeTarget "Ninja JetpackUITests" */ = {
			isa = XCConfigurationList;
			buildConfigurations = (
				6A0C567E261E4C2900A12480 /* Debug */,
				6A0C567F261E4C2900A12480 /* Release */,
			);
			defaultConfigurationIsVisible = 0;
			defaultConfigurationName = Release;
		};
/* End XCConfigurationList section */
	};
	rootObject = 6A0C5644261E4C2200A12480 /* Project object */;
}
